{
  "lockfile_version": "1",
  "packages": {
    "bpftool@latest": {
      "last_modified": "2023-02-24T09:01:09Z",
      "resolved": "github:NixOS/nixpkgs/7d0ed7f2e5aea07ab22ccb338d27fbe347ed2f11#bpftool",
      "source": "devbox-search",
      "version": "5.19.12"
    },
    "clang@latest": {
      "last_modified": "2025-03-11T17:52:14Z",
      "resolved": "github:NixOS/nixpkgs/0d534853a55b5d02a4ababa1d71921ce8f0aee4c#clang",
      "source": "devbox-search",
      "version": "19.1.7",
      "systems": {
        "aarch64-darwin": {
          "outputs": [
            {
              "name": "out",
              "path": "/nix/store/x8j5wizxn1qwa0zj3a4rbmipigl614jv-clang-wrapper-19.1.7",
              "default": true
            }
          ],
          "store_path": "/nix/store/x8j5wizxn1qwa0zj3a4rbmipigl614jv-clang-wrapper-19.1.7"
        },
        "aarch64-linux": {
          "outputs": [
            {
              "name": "out",
              "path": "/nix/store/76ddzd3fjg9vxhv12mlq5i1c7jbxcjxp-clang-wrapper-19.1.7",
              "default": true
            }
          ],
          "store_path": "/nix/store/76ddzd3fjg9vxhv12mlq5i1c7jbxcjxp-clang-wrapper-19.1.7"
        },
        "x86_64-darwin": {
          "outputs": [
            {
              "name": "out",
              "path": "/nix/store/5c7vhjf0l6hl2j9sygngj6ybrkj6iv8n-clang-wrapper-19.1.7",
              "default": true
            }
          ],
          "store_path": "/nix/store/5c7vhjf0l6hl2j9sygngj6ybrkj6iv8n-clang-wrapper-19.1.7"
        },
        "x86_64-linux": {
          "outputs": [
            {
              "name": "out",
              "path": "/nix/store/rdrbyalncimqir1gjdjwfns370zwi0bf-clang-wrapper-19.1.7",
              "default": true
            }
          ],
          "store_path": "/nix/store/rdrbyalncimqir1gjdjwfns370zwi0bf-clang-wrapper-19.1.7"
        }
      }
    },
    "libbpf_1@1.1.0": {
      "last_modified": "2023-02-24T09:01:09Z",
      "resolved": "github:NixOS/nixpkgs/7d0ed7f2e5aea07ab22ccb338d27fbe347ed2f11#libbpf_1",
      "source": "devbox-search",
      "version": "1.1.0"
    },
    "llvm@latest": {
      "last_modified": "2023-02-27T21:49:53Z",
      "resolved": "github:NixOS/nixpkgs/3ad64d9e2d5bf80c877286102355b1625891ae9a#llvm",
      "source": "devbox-search",
      "version": "11.1.0",
      "systems": {
        "aarch64-darwin": {
          "outputs": [
            {
              "name": "out",
              "path": "/nix/store/fw2nr289aj0c64xpczwy4d2aqkkqpag0-llvm-11.1.0",
              "default": true
            },
            {
              "name": "python",
              "path": "/nix/store/a4r1k1kk8ik9rh024l55zkdxhd4ww2m1-llvm-11.1.0-python"
            },
            {
              "name": "dev",
              "path": "/nix/store/62pd8lzzppbhwsp41jc534zdg1iqivx7-llvm-11.1.0-dev"
            },
            {
              "name": "lib",
              "path": "/nix/store/wzrn3rj0i42ispdiz4znwr2gjk8v2d31-llvm-11.1.0-lib"
            }
          ],
          "store_path": "/nix/store/fw2nr289aj0c64xpczwy4d2aqkkqpag0-llvm-11.1.0"
        },
        "aarch64-linux": {
          "outputs": [
            {
              "name": "out",
              "path": "/nix/store/nhwv558wja6gkfhdbxfz21f0a9kz7v85-llvm-11.1.0",
              "default": true
            },
            {
              "name": "python",
              "path": "/nix/store/64d7iqzy8drpz7v6w6r7kd66hyhdqkhk-llvm-11.1.0-python"
            },
            {
              "name": "dev",
              "path": "/nix/store/znz7z9pmxsv1py4pib3xpsdwjl1qr8l9-llvm-11.1.0-dev"
            },
            {
              "name": "lib",
              "path": "/nix/store/azhfsf16lm7qgcm88jknywiybm41b191-llvm-11.1.0-lib"
            }
          ],
          "store_path": "/nix/store/nhwv558wja6gkfhdbxfz21f0a9kz7v85-llvm-11.1.0"
        },
        "x86_64-darwin": {
          "outputs": [
            {
              "name": "out",
              "path": "/nix/store/7z6bs61wlly6m9czqrddmhwyh7r6g42x-llvm-11.1.0",
              "default": true
            },
            {
              "name": "lib",
              "path": "/nix/store/86rffbzdavja7vbbczjiikb65rj4m7i9-llvm-11.1.0-lib"
            },
            {
              "name": "python",
              "path": "/nix/store/9v790lv1xpsxf6n6kjdc4la1ac5294h6-llvm-11.1.0-python"
            },
            {
              "name": "dev",
              "path": "/nix/store/lkqpa88n6501407y5ha5j1rpgqvvbd6j-llvm-11.1.0-dev"
            }
          ],
          "store_path": "/nix/store/7z6bs61wlly6m9czqrddmhwyh7r6g42x-llvm-11.1.0"
        },
        "x86_64-linux": {
          "outputs": [
            {
              "name": "out",
              "path": "/nix/store/a7nzy012wylfq7qfhhclr4lpq92gsx4j-llvm-11.1.0",
              "default": true
            },
            {
              "name": "lib",
              "path": "/nix/store/5r97sbs5j6mw7qnbg8nhnq1gad9973ap-llvm-11.1.0-lib"
            },
            {
              "name": "python",
              "path": "/nix/store/a9padllp9wz5pna5hw320cfx6p8vvpan-llvm-11.1.0-python"
            },
            {
              "name": "dev",
              "path": "/nix/store/906rdd1qncalgjdl8f14b54f8f04wmgx-llvm-11.1.0-dev"
            }
          ],
          "store_path": "/nix/store/a7nzy012wylfq7qfhhclr4lpq92gsx4j-llvm-11.1.0"
        }
      }
    }
  }
}
